
Microsoft Visual Studio Solution File, Format Version 12.00
# Visual Studio Version 16
VisualStudioVersion = 16.0.31613.86
MinimumVisualStudioVersion = 10.0.40219.1
Project("{FAE04EC0-301F-11D3-BF4B-00C04F79EFBC}") = "ZTataDeliverable1", "ZTataDeliverable1\ZTataDeliverable1.csproj", "{0544297E-9AED-467B-B650-12C813BEAE44}"
EndProject
Global
	GlobalSection(SolutionConfigurationPlatforms) = preSolution
		Debug|Any CPU = Debug|Any CPU
		Release|Any CPU = Release|Any CPU
	EndGlobalSection
	GlobalSection(ProjectConfigurationPlatforms) = postSolution
		{0544297E-9AED-467B-B650-12C813BEAE44}.Debug|Any CPU.ActiveCfg = Debug|Any CPU
		{0544297E-9AED-467B-B650-12C813BEAE44}.Debug|Any CPU.Build.0 = Debug|Any CPU
		{0544297E-9AED-467B-B650-12C813BEAE44}.Release|Any CPU.ActiveCfg = Release|Any CPU
		{0544297E-9AED-467B-B650-12C813BEAE44}.Release|Any CPU.Build.0 = Release|Any CPU
	EndGlobalSection
	GlobalSection(SolutionProperties) = preSolution
		HideSolutionNode = FALSE
	EndGlobalSection
	GlobalSection(ExtensibilityGlobals) = postSolution
		SolutionGuid = {0A20916F-9A2D-46C7-867C-952746A958F0}
	EndGlobalSection
EndGlobal
